
Microsoft Visual Studio Solution File, Format Version 12.00
# Visual Studio 15
VisualStudioVersion = 15.0.27703.2035
MinimumVisualStudioVersion = 10.0.40219.1
Project("{FAE04EC0-301F-11D3-BF4B-00C04F79EFBC}") = "Mainapp", "Mainapp\Mainapp.csproj", "{8D4D294A-0CAA-40CB-A727-0644542D1EBE}"
EndProject
Global
	GlobalSection(SolutionConfigurationPlatforms) = preSolution
		Debug|Any CPU = Debug|Any CPU
		Release|Any CPU = Release|Any CPU
	EndGlobalSection
	GlobalSection(ProjectConfigurationPlatforms) = postSolution
		{8D4D294A-0CAA-40CB-A727-0644542D1EBE}.Debug|Any CPU.ActiveCfg = Debug|Any CPU
		{8D4D294A-0CAA-40CB-A727-0644542D1EBE}.Debug|Any CPU.Build.0 = Debug|Any CPU
		{8D4D294A-0CAA-40CB-A727-0644542D1EBE}.Release|Any CPU.ActiveCfg = Release|Any CPU
		{8D4D294A-0CAA-40CB-A727-0644542D1EBE}.Release|Any CPU.Build.0 = Release|Any CPU
	EndGlobalSection
	GlobalSection(SolutionProperties) = preSolution
		HideSolutionNode = FALSE
	EndGlobalSection
	GlobalSection(ExtensibilityGlobals) = postSolution
		SolutionGuid = {D83A3FD7-E921-47BA-A783-30B736E99BD6}
	EndGlobalSection
EndGlobal
